
Microsoft Visual Studio Solution File, Format Version 12.00
# Visual Studio Version 16
VisualStudioVersion = 16.0.31624.102
MinimumVisualStudioVersion = 10.0.40219.1
Project("{FAE04EC0-301F-11D3-BF4B-00C04F79EFBC}") = "Excecoes Personalizadas", "Excecoes Personalizadas\Excecoes Personalizadas.csproj", "{B8205997-CFF4-4F83-97FE-D551AF4EAD4A}"
EndProject
Global
	GlobalSection(SolutionConfigurationPlatforms) = preSolution
		Debug|Any CPU = Debug|Any CPU
		Release|Any CPU = Release|Any CPU
	EndGlobalSection
	GlobalSection(ProjectConfigurationPlatforms) = postSolution
		{B8205997-CFF4-4F83-97FE-D551AF4EAD4A}.Debug|Any CPU.ActiveCfg = Debug|Any CPU
		{B8205997-CFF4-4F83-97FE-D551AF4EAD4A}.Debug|Any CPU.Build.0 = Debug|Any CPU
		{B8205997-CFF4-4F83-97FE-D551AF4EAD4A}.Release|Any CPU.ActiveCfg = Release|Any CPU
		{B8205997-CFF4-4F83-97FE-D551AF4EAD4A}.Release|Any CPU.Build.0 = Release|Any CPU
	EndGlobalSection
	GlobalSection(SolutionProperties) = preSolution
		HideSolutionNode = FALSE
	EndGlobalSection
	GlobalSection(ExtensibilityGlobals) = postSolution
		SolutionGuid = {6F037BA5-7E16-45A7-B598-C9E09B298DA6}
	EndGlobalSection
EndGlobal
